{
  "name": "statyck-thedotproduct.org",
  "version": "1.0.3",
  "lockfileVersion": 1,
  "dependencies": {
    "fs-extra": {
      "version": "3.0.1",
      "resolved": "https://registry.npmjs.org/fs-extra/-/fs-extra-3.0.1.tgz",
      "integrity": "sha1-N5TzeMWLNC6n27sjCVEJxLO2IpE=",
      "dependencies": {
        "jsonfile": {
          "version": "3.0.1",
          "resolved": "https://registry.npmjs.org/jsonfile/-/jsonfile-3.0.1.tgz",
          "integrity": "sha1-pezG9l9T9mLEQVx2daAzHQmS7GY="
        }
      }
    },
    "graceful-fs": {
      "version": "https://registry.npmjs.org/graceful-fs/-/graceful-fs-4.1.11.tgz",
      "integrity": "sha1-Dovf5NHduIVNZOBOp8AOKgJuVlg="
    },
    "jsonfile": {
      "version": "4.0.0",
      "resolved": "https://registry.npmjs.org/jsonfile/-/jsonfile-4.0.0.tgz",
      "integrity": "sha1-h3Gq4HmbZAdrdmQPygWPnBDjPss="
    },
    "statyck-theme-tdp": {
      "version": "1.5.1",
      "resolved": "https://registry.npmjs.org/statyck-theme-tdp/-/statyck-theme-tdp-1.5.1.tgz",
      "integrity": "sha512-WHy3ow0FjcAOA+jAPRxPgaZWEGl0h2w1lj+2iurlua9+BQfIR9eglurtMAQY/JX0JtoqtDtvL5icg9n0H8HCGQ==",
      "dependencies": {
        "fs-extra": {
          "version": "4.0.2",
          "resolved": "https://registry.npmjs.org/fs-extra/-/fs-extra-4.0.2.tgz",
          "integrity": "sha1-+RcExT0bRh+JNFKwwwfZmXZHq2s="
        }
      }
    },
    "universalify": {
      "version": "0.1.0",
      "resolved": "https://registry.npmjs.org/universalify/-/universalify-0.1.0.tgz",
      "integrity": "sha1-nrHEZR3rzGcMyU8adXYjMruWd3g="
    }
  }
}
